<?xml version="1.0" encoding="utf-8"?>
<Project ToolsVersion="4.0" xmlns="http://schemas.microsoft.com/developer/msbuild/2003">
  <ItemGroup>
    <Filter Include="MainFiles">
      <UniqueIdentifier>{4FC737F1-C7A5-4376-A066-2A32D752A2FF}</UniqueIdentifier>
      <Extensions>cpp;c;cc;cxx;def;odl;idl;hpj;bat;asm;asmx</Extensions>
    </Filter>
    <Filter Include="UI">
      <UniqueIdentifier>{c5524cf6-7b22-4675-828b-39399db2c6c5}</UniqueIdentifier>
    </Filter>
    <Filter Include="Resource Files">
      <UniqueIdentifier>{67DA6AB6-F800-4c08-8B7A-83BB121AAD01}</UniqueIdentifier>
      <Extensions>rc;ico;cur;bmp;dlg;rc2;rct;bin;rgs;gif;jpg;jpeg;jpe;resx;tiff;tif;png;wav</Extensions>
    </Filter>
    <Filter Include="PSBase">
      <UniqueIdentifier>{e6e0250a-c5a0-4cd1-8b7a-96650ec68122}</UniqueIdentifier>
    </Filter>
    <Filter Include="PSLogic">
      <UniqueIdentifier>{eea876f8-fa71-4c1e-9435-549447ffda98}</UniqueIdentifier>
    </Filter>
    <Filter Include="KDTree">
      <UniqueIdentifier>{3eec1ff5-24fb-4f32-bac1-fd8dca1413f2}</UniqueIdentifier>
    </Filter>
  </ItemGroup>
  <ItemGroup>
    <ClCompile Include="MainFrm.cpp">
      <Filter>MainFiles</Filter>
    </ClCompile>
    <ClCompile Include="PS3DViewer.cpp">
      <Filter>MainFiles</Filter>
    </ClCompile>
    <ClCompile Include="PS3DViewerDoc.cpp">
      <Filter>MainFiles</Filter>
    </ClCompile>
    <ClCompile Include="PS3DViewerView.cpp">
      <Filter>MainFiles</Filter>
    </ClCompile>
    <ClCompile Include="stdafx.cpp">
      <Filter>MainFiles</Filter>
    </ClCompile>
    <ClCompile Include="UI\DialogSplash.cpp">
      <Filter>UI</Filter>
    </ClCompile>
    <ClCompile Include="UI\DlgDownLoad.cpp">
      <Filter>UI</Filter>
    </ClCompile>
    <ClCompile Include="UI\DlgRenderConfig.cpp">
      <Filter>UI</Filter>
    </ClCompile>
    <ClCompile Include="UI\DlgUpLoad.cpp">
      <Filter>UI</Filter>
    </ClCompile>
    <ClCompile Include="UI\HttpClient.cpp">
      <Filter>UI</Filter>
    </ClCompile>
    <ClCompile Include="UI\VideoCompression.cpp">
      <Filter>UI</Filter>
    </ClCompile>
    <ClCompile Include="..\src\PSBase\PS3DMath.cpp">
      <Filter>PSBase</Filter>
    </ClCompile>
    <ClCompile Include="..\src\PSBase\PSGeometry.cpp">
      <Filter>PSBase</Filter>
    </ClCompile>
    <ClCompile Include="..\src\PSBase\PSMaterial.cpp">
      <Filter>PSBase</Filter>
    </ClCompile>
    <ClCompile Include="..\src\PSBase\PSMotion.cpp">
      <Filter>PSBase</Filter>
    </ClCompile>
    <ClCompile Include="..\src\PSBase\PSSkining.cpp">
      <Filter>PSBase</Filter>
    </ClCompile>
    <ClCompile Include="..\src\PSLogic\AVIVideo.cpp">
      <Filter>PSLogic</Filter>
    </ClCompile>
    <ClCompile Include="..\src\PSLogic\Global.cpp">
      <Filter>PSLogic</Filter>
    </ClCompile>
    <ClCompile Include="..\src\PSLogic\PSBuilding.cpp">
      <Filter>PSLogic</Filter>
    </ClCompile>
    <ClCompile Include="..\src\PSLogic\PSCamera.cpp">
      <Filter>PSLogic</Filter>
    </ClCompile>
    <ClCompile Include="..\src\PSLogic\PSEquipment.cpp">
      <Filter>PSLogic</Filter>
    </ClCompile>
    <ClCompile Include="..\src\PSLogic\PSExportFileDlg.cpp">
      <Filter>PSLogic</Filter>
    </ClCompile>
    <ClCompile Include="..\src\PSLogic\PSGame.cpp">
      <Filter>PSLogic</Filter>
    </ClCompile>
    <ClCompile Include="..\src\PSLogic\PSHumen.cpp">
      <Filter>PSLogic</Filter>
    </ClCompile>
    <ClCompile Include="..\src\PSLogic\PSScene.cpp">
      <Filter>PSLogic</Filter>
    </ClCompile>
    <ClCompile Include="..\src\PSLogic\PSStage.cpp">
      <Filter>PSLogic</Filter>
    </ClCompile>
    <ClCompile Include="..\src\KDTree\Intersect.cc">
      <Filter>KDTree</Filter>
    </ClCompile>
    <ClCompile Include="..\src\KDTree\KDTree.cc">
      <Filter>KDTree</Filter>
    </ClCompile>
    <ClCompile Include="..\src\KDTree\Stub.cc">
      <Filter>KDTree</Filter>
    </ClCompile>
  </ItemGroup>
  <ItemGroup>
    <ClInclude Include="MainFrm.h">
      <Filter>MainFiles</Filter>
    </ClInclude>
    <ClInclude Include="PS3DViewer.h">
      <Filter>MainFiles</Filter>
    </ClInclude>
    <ClInclude Include="PS3DViewerDoc.h">
      <Filter>MainFiles</Filter>
    </ClInclude>
    <ClInclude Include="PS3DViewerView.h">
      <Filter>MainFiles</Filter>
    </ClInclude>
    <ClInclude Include="Resource.h">
      <Filter>MainFiles</Filter>
    </ClInclude>
    <ClInclude Include="stdafx.h">
      <Filter>MainFiles</Filter>
    </ClInclude>
    <ClInclude Include="UI\DialogSplash.h">
      <Filter>UI</Filter>
    </ClInclude>
    <ClInclude Include="UI\DlgDownLoad.h">
      <Filter>UI</Filter>
    </ClInclude>
    <ClInclude Include="UI\DlgRenderConfig.h">
      <Filter>UI</Filter>
    </ClInclude>
    <ClInclude Include="UI\DlgUpLoad.h">
      <Filter>UI</Filter>
    </ClInclude>
    <ClInclude Include="UI\HttpClient.h">
      <Filter>UI</Filter>
    </ClInclude>
    <ClInclude Include="UI\VideoCompression.h">
      <Filter>UI</Filter>
    </ClInclude>
    <ClInclude Include="..\src\PSBase\PS3DMath.h">
      <Filter>PSBase</Filter>
    </ClInclude>
    <ClInclude Include="..\src\PSBase\PSDefine.h">
      <Filter>PSBase</Filter>
    </ClInclude>
    <ClInclude Include="..\src\PSBase\PSGeometry.h">
      <Filter>PSBase</Filter>
    </ClInclude>
    <ClInclude Include="..\src\PSBase\PSMaterial.h">
      <Filter>PSBase</Filter>
    </ClInclude>
    <ClInclude Include="..\src\PSBase\PSMotion.h">
      <Filter>PSBase</Filter>
    </ClInclude>
    <ClInclude Include="..\src\PSBase\PSSkining.h">
      <Filter>PSBase</Filter>
    </ClInclude>
    <ClInclude Include="..\src\PSLogic\AVIVideo.h">
      <Filter>PSLogic</Filter>
    </ClInclude>
    <ClInclude Include="..\src\PSLogic\Global.h">
      <Filter>PSLogic</Filter>
    </ClInclude>
    <ClInclude Include="..\src\PSLogic\PSBuilding.h">
      <Filter>PSLogic</Filter>
    </ClInclude>
    <ClInclude Include="..\src\PSLogic\PSCamera.h">
      <Filter>PSLogic</Filter>
    </ClInclude>
    <ClInclude Include="..\src\PSLogic\PSEquipment.h">
      <Filter>PSLogic</Filter>
    </ClInclude>
    <ClInclude Include="..\src\PSLogic\PSExportFileDlg.h">
      <Filter>PSLogic</Filter>
    </ClInclude>
    <ClInclude Include="..\src\PSLogic\PSGame.h">
      <Filter>PSLogic</Filter>
    </ClInclude>
    <ClInclude Include="..\src\PSLogic\PSHumen.h">
      <Filter>PSLogic</Filter>
    </ClInclude>
    <ClInclude Include="..\src\PSLogic\PSScene.h">
      <Filter>PSLogic</Filter>
    </ClInclude>
    <ClInclude Include="..\src\PSLogic\PSStage.h">
      <Filter>PSLogic</Filter>
    </ClInclude>
    <ClInclude Include="..\src\KDTree\KDTree.h">
      <Filter>KDTree</Filter>
    </ClInclude>
  </ItemGroup>
  <ItemGroup>
    <Image Include="res\icon1.ico">
      <Filter>Resource Files</Filter>
    </Image>
    <Image Include="res\PS3DViewer.ico">
      <Filter>Resource Files</Filter>
    </Image>
    <Image Include="res\PS3DViewerDoc.ico">
      <Filter>Resource Files</Filter>
    </Image>
    <Image Include="res\Toolbar.bmp">
      <Filter>Resource Files</Filter>
    </Image>
  </ItemGroup>
  <ItemGroup>
    <ResourceCompile Include="PS3DViewer.rc">
      <Filter>Resource Files</Filter>
    </ResourceCompile>
  </ItemGroup>
  <ItemGroup>
    <None Include="res\PS3DViewer.rc2">
      <Filter>Resource Files</Filter>
    </None>
  </ItemGroup>
</Project>